{
    "version": 3,
    "terraform_version": "0.11.14",
    "serial": 11,
    "lineage": "76039656-fa1d-94dc-9c21-732f9fa356e7",
    "modules": [
        {
            "path": [
                "root"
            ],
            "outputs": {
                "container_name": {
                    "sensitive": false,
                    "type": "string",
                    "value": "ghost_blog"
                },
                "ip_address": {
                    "sensitive": false,
                    "type": "string",
                    "value": "172.17.0.3"
                }
            },
            "resources": {
                "docker_container.container_id": {
                    "type": "docker_container",
                    "depends_on": [
                        "docker_image.image_id"
                    ],
                    "primary": {
                        "id": "989f88a2768b0d9288a45377b733993b21e80eb85b69ae5b5303a1f455c80738",
                        "attributes": {
                            "attach": "false",
                            "bridge": "",
                            "gateway": "172.17.0.1",
                            "id": "989f88a2768b0d9288a45377b733993b21e80eb85b69ae5b5303a1f455c80738",
                            "image": "sha256:95b039c37802244e2be139f77117f2fd4d917bfbe996d73645183221b1117086",
                            "ip_address": "172.17.0.3",
                            "ip_prefix_length": "16",
                            "log_driver": "json-file",
                            "logs": "false",
                            "must_run": "true",
                            "name": "ghost_blog",
                            "network_data.#": "1",
                            "network_data.0.gateway": "172.17.0.1",
                            "network_data.0.ip_address": "172.17.0.3",
                            "network_data.0.ip_prefix_length": "16",
                            "network_data.0.network_name": "bridge",
                            "ports.#": "1",
                            "ports.0.external": "80",
                            "ports.0.internal": "2368",
                            "ports.0.ip": "0.0.0.0",
                            "ports.0.protocol": "tcp",
                            "read_only": "false",
                            "restart": "no",
                            "rm": "false",
                            "start": "true"
                        },
                        "meta": {
                            "schema_version": "1"
                        },
                        "tainted": false
                    },
                    "deposed": [],
                    "provider": "provider.docker"
                },
                "docker_image.image_id": {
                    "type": "docker_image",
                    "depends_on": [],
                    "primary": {
                        "id": "sha256:95b039c37802244e2be139f77117f2fd4d917bfbe996d73645183221b1117086ghost:latest",
                        "attributes": {
                            "id": "sha256:95b039c37802244e2be139f77117f2fd4d917bfbe996d73645183221b1117086ghost:latest",
                            "latest": "sha256:95b039c37802244e2be139f77117f2fd4d917bfbe996d73645183221b1117086",
                            "name": "ghost:latest"
                        },
                        "meta": {},
                        "tainted": false
                    },
                    "deposed": [],
                    "provider": "provider.docker"
                }
            },
            "depends_on": []
        }
    ]
}
